
Microsoft Visual Studio Solution File, Format Version 12.00
# Visual Studio Version 17
VisualStudioVersion = 17.8.34330.188
MinimumVisualStudioVersion = 10.0.40219.1
Project("{FAE04EC0-301F-11D3-BF4B-00C04F79EFBC}") = "Monitoring.Api", "Monitoring.Api\Monitoring.Api.csproj", "{A2CE4F7C-2490-4196-ACC3-EFC6206A3B28}"
EndProject
Project("{E53339B2-1760-4266-BCC7-CA923CBCF16C}") = "docker-compose", "docker-compose.dcproj", "{9AA2C8CA-5735-4AB3-9C29-40113FE52353}"
EndProject
Global
	GlobalSection(SolutionConfigurationPlatforms) = preSolution
		Debug|Any CPU = Debug|Any CPU
		Release|Any CPU = Release|Any CPU
	EndGlobalSection
	GlobalSection(ProjectConfigurationPlatforms) = postSolution
		{A2CE4F7C-2490-4196-ACC3-EFC6206A3B28}.Debug|Any CPU.ActiveCfg = Debug|Any CPU
		{A2CE4F7C-2490-4196-ACC3-EFC6206A3B28}.Debug|Any CPU.Build.0 = Debug|Any CPU
		{A2CE4F7C-2490-4196-ACC3-EFC6206A3B28}.Release|Any CPU.ActiveCfg = Release|Any CPU
		{A2CE4F7C-2490-4196-ACC3-EFC6206A3B28}.Release|Any CPU.Build.0 = Release|Any CPU
		{9AA2C8CA-5735-4AB3-9C29-40113FE52353}.Debug|Any CPU.ActiveCfg = Debug|Any CPU
		{9AA2C8CA-5735-4AB3-9C29-40113FE52353}.Debug|Any CPU.Build.0 = Debug|Any CPU
		{9AA2C8CA-5735-4AB3-9C29-40113FE52353}.Release|Any CPU.ActiveCfg = Release|Any CPU
		{9AA2C8CA-5735-4AB3-9C29-40113FE52353}.Release|Any CPU.Build.0 = Release|Any CPU
	EndGlobalSection
	GlobalSection(SolutionProperties) = preSolution
		HideSolutionNode = FALSE
	EndGlobalSection
	GlobalSection(ExtensibilityGlobals) = postSolution
		SolutionGuid = {DA571653-8B93-457A-AF71-418620523D38}
	EndGlobalSection
EndGlobal
